
Microsoft Visual Studio Solution File, Format Version 12.00
# Visual Studio Version 17
VisualStudioVersion = 17.8.34330.188
MinimumVisualStudioVersion = 10.0.40219.1
Project("{FAE04EC0-301F-11D3-BF4B-00C04F79EFBC}") = "VeriketAppService", "VeriketAppService\VeriketAppService.csproj", "{E50360CF-19B1-430E-A031-B4F1DE984E54}"
EndProject
Project("{FAE04EC0-301F-11D3-BF4B-00C04F79EFBC}") = "VerikatAppForm", "VerikatAppForm\VerikatAppForm.csproj", "{8559DB64-1E06-408E-91D7-74E2201DFC88}"
EndProject
Global
	GlobalSection(SolutionConfigurationPlatforms) = preSolution
		Debug|Any CPU = Debug|Any CPU
		Release|Any CPU = Release|Any CPU
	EndGlobalSection
	GlobalSection(ProjectConfigurationPlatforms) = postSolution
		{E50360CF-19B1-430E-A031-B4F1DE984E54}.Debug|Any CPU.ActiveCfg = Debug|Any CPU
		{E50360CF-19B1-430E-A031-B4F1DE984E54}.Debug|Any CPU.Build.0 = Debug|Any CPU
		{E50360CF-19B1-430E-A031-B4F1DE984E54}.Release|Any CPU.ActiveCfg = Release|Any CPU
		{E50360CF-19B1-430E-A031-B4F1DE984E54}.Release|Any CPU.Build.0 = Release|Any CPU
		{8559DB64-1E06-408E-91D7-74E2201DFC88}.Debug|Any CPU.ActiveCfg = Debug|Any CPU
		{8559DB64-1E06-408E-91D7-74E2201DFC88}.Debug|Any CPU.Build.0 = Debug|Any CPU
		{8559DB64-1E06-408E-91D7-74E2201DFC88}.Release|Any CPU.ActiveCfg = Release|Any CPU
		{8559DB64-1E06-408E-91D7-74E2201DFC88}.Release|Any CPU.Build.0 = Release|Any CPU
	EndGlobalSection
	GlobalSection(SolutionProperties) = preSolution
		HideSolutionNode = FALSE
	EndGlobalSection
	GlobalSection(ExtensibilityGlobals) = postSolution
		SolutionGuid = {C4A41190-79DF-40B2-B844-0DC9947577C1}
	EndGlobalSection
EndGlobal
